schema: '2.0'
stages:
  hash_images:
    cmd: PYTHONPATH=quality/src python pipeline/hash_images.py --images 
      data/raw/images --out reports/image_hashes.json
    deps:
    - path: data/raw
      hash: md5
      md5: 2ae957bda56b5cf9293fd620b781e699.dir
      size: 229721102
      nfiles: 690
    - path: pipeline/hash_images.py
      hash: md5
      md5: d4eaef8b479292607038095ea86a3e29
      size: 2290
    - path: quality/src/dataset_quality/adapters/phash.py
      hash: md5
      md5: 0bd8c3a0cb2c25b728cf7dbcde46860d
      size: 628
    outs:
    - path: reports/image_hashes.json
      hash: md5
      md5: 803ed868241598b48b288f525cb53c49
      size: 44410
  analyze:
    cmd: PYTHONPATH=quality/src python pipeline/run_analyzers.py --coco 
      data/annotations/coco-dataset.json --config quality/quality.yaml --hashes 
      reports/image_hashes.json --out reports
    deps:
    - path: data/annotations/coco-dataset.json
      hash: md5
      md5: fb3118e0aaa6aece8b70417d76b8eba7
      size: 475412
    - path: pipeline/run_analyzers.py
      hash: md5
      md5: fecb875cd0a8209b24e695fecdbed5ad
      size: 6135
    - path: quality/src/dataset_quality
      hash: md5
      md5: f6ef23738eb7733b55a2613c6b08f537.dir
      size: 50642
      nfiles: 22
    - path: reports/image_hashes.json
      hash: md5
      md5: 803ed868241598b48b288f525cb53c49
      size: 44410
    params:
      quality/quality.yaml:
        checks:
          min_images_per_class:
            threshold: 300
            min_classes: 2
            severity: fail
          small_objects:
            threshold: 32
            severity: warn
          class_imbalance:
            threshold: 10
            severity: warn
          duplicates:
            threshold: 8
            severity: warn
          invalid_boxes:
            threshold: 0
            severity: fail
          spatial_bias:
            threshold: 0.5
            severity: warn
        splits:
          train: 0.7
          val: 0.15
          test: 0.15
          seed: 42
    outs:
    - path: reports/analyzers
      hash: md5
      md5: 76e8aec8fe110feb6862378c5a230587.dir
      size: 3638
      nfiles: 5
    - path: reports/metrics.json
      hash: md5
      md5: 522c4babad39794da9dee814f7eaa012
      size: 532
  release:
    cmd: PYTHONPATH=quality/src python pipeline/build_release.py --coco 
      data/annotations/coco-dataset.json --config quality/quality.yaml 
      --analyzers-dir reports/analyzers --out reports/release.json
    deps:
    - path: data/annotations/coco-dataset.json
      hash: md5
      md5: fb3118e0aaa6aece8b70417d76b8eba7
      size: 475412
    - path: pipeline/build_release.py
      hash: md5
      md5: e3c65417d15d18c5f3ddc85501838ac7
      size: 6921
    - path: quality/src/dataset_quality
      hash: md5
      md5: f6ef23738eb7733b55a2613c6b08f537.dir
      size: 50642
      nfiles: 22
    - path: reports/analyzers
      hash: md5
      md5: 76e8aec8fe110feb6862378c5a230587.dir
      size: 3638
      nfiles: 5
    params:
      quality/quality.yaml:
        checks:
          min_images_per_class:
            threshold: 300
            min_classes: 2
            severity: fail
          small_objects:
            threshold: 32
            severity: warn
          class_imbalance:
            threshold: 10
            severity: warn
          duplicates:
            threshold: 8
            severity: warn
          invalid_boxes:
            threshold: 0
            severity: fail
          spatial_bias:
            threshold: 0.5
            severity: warn
        splits:
          train: 0.7
          val: 0.15
          test: 0.15
          seed: 42
    outs:
    - path: reports/release.json
      hash: md5
      md5: 3f07eec1c8be6866d307050da7d89308
      size: 19890
  embeddings:
    cmd: cd backend && npm run --silent embeddings -- --coco 
      ../data/annotations/coco-dataset.json --output ../reports/embeddings.json 
      --generated-at 1970-01-01T00:00:00Z
    deps:
    - path: backend/src/logic/quality/embeddings.generator.ts
      hash: md5
      md5: e596b6e61bdd2aac1d6a569e993420a8
      size: 8050
    - path: backend/src/tools/precompute-embeddings.ts
      hash: md5
      md5: 299679c54430aa3f86188ff29a14aafe
      size: 2394
    - path: data/annotations/coco-dataset.json
      hash: md5
      md5: fb3118e0aaa6aece8b70417d76b8eba7
      size: 475412
    outs:
    - path: reports/embeddings.json
      hash: md5
      md5: 240979eea0379b854de0f99f87bb72c8
      size: 156573
